
Microsoft Visual Studio Solution File, Format Version 12.00
# Visual Studio Version 17
VisualStudioVersion = 17.8.34309.116
MinimumVisualStudioVersion = 10.0.40219.1
Project("{9A19103F-16F7-4668-BE54-9A1E7A4F7556}") = "Hourly.Api", "Hourly.Api\Hourly.Api.csproj", "{3A68C2B2-6149-4AF9-91AB-E609A17F043B}"
EndProject
Project("{9A19103F-16F7-4668-BE54-9A1E7A4F7556}") = "Hourly.Shared", "Hourly.Shared\Hourly.Shared.csproj", "{ACCB2AEF-854A-401C-B2C2-CFDBA59DD813}"
EndProject
Project("{9A19103F-16F7-4668-BE54-9A1E7A4F7556}") = "Hourly.Abstractions", "Hourly.Abstractions\Hourly.Abstractions.csproj", "{548D2C47-D360-4E86-9398-859884E75BA9}"
EndProject
Project("{9A19103F-16F7-4668-BE54-9A1E7A4F7556}") = "Hourly.Data", "Hourly.Data\Hourly.Data.csproj", "{00DBC094-CE35-4215-83E5-B7AACF78C83D}"
EndProject
Project("{9A19103F-16F7-4668-BE54-9A1E7A4F7556}") = "Hourly.Domain", "Hourly.Domain\Hourly.Domain.csproj", "{10A59828-CABE-4CDA-8E18-C84E769B819F}"
EndProject
Project("{FAE04EC0-301F-11D3-BF4B-00C04F79EFBC}") = "Hourly.Gitlab", "Hourly.Gitlab\Hourly.Gitlab.csproj", "{F97EB05F-9220-43FD-A4E8-5E054A0CA7FA}"
EndProject
Project("{FAE04EC0-301F-11D3-BF4B-00C04F79EFBC}") = "Hourly.Tests", "Hourly.Tests\Hourly.Tests.csproj", "{4A85FC3B-3573-4ED5-8491-E2D6EB5A2D77}"
EndProject
Global
	GlobalSection(SolutionConfigurationPlatforms) = preSolution
		Debug|Any CPU = Debug|Any CPU
		Release|Any CPU = Release|Any CPU
	EndGlobalSection
	GlobalSection(ProjectConfigurationPlatforms) = postSolution
		{3A68C2B2-6149-4AF9-91AB-E609A17F043B}.Debug|Any CPU.ActiveCfg = Debug|Any CPU
		{3A68C2B2-6149-4AF9-91AB-E609A17F043B}.Debug|Any CPU.Build.0 = Debug|Any CPU
		{3A68C2B2-6149-4AF9-91AB-E609A17F043B}.Release|Any CPU.ActiveCfg = Release|Any CPU
		{3A68C2B2-6149-4AF9-91AB-E609A17F043B}.Release|Any CPU.Build.0 = Release|Any CPU
		{ACCB2AEF-854A-401C-B2C2-CFDBA59DD813}.Debug|Any CPU.ActiveCfg = Debug|Any CPU
		{ACCB2AEF-854A-401C-B2C2-CFDBA59DD813}.Debug|Any CPU.Build.0 = Debug|Any CPU
		{ACCB2AEF-854A-401C-B2C2-CFDBA59DD813}.Release|Any CPU.ActiveCfg = Release|Any CPU
		{ACCB2AEF-854A-401C-B2C2-CFDBA59DD813}.Release|Any CPU.Build.0 = Release|Any CPU
		{548D2C47-D360-4E86-9398-859884E75BA9}.Debug|Any CPU.ActiveCfg = Debug|Any CPU
		{548D2C47-D360-4E86-9398-859884E75BA9}.Debug|Any CPU.Build.0 = Debug|Any CPU
		{548D2C47-D360-4E86-9398-859884E75BA9}.Release|Any CPU.ActiveCfg = Release|Any CPU
		{548D2C47-D360-4E86-9398-859884E75BA9}.Release|Any CPU.Build.0 = Release|Any CPU
		{00DBC094-CE35-4215-83E5-B7AACF78C83D}.Debug|Any CPU.ActiveCfg = Debug|Any CPU
		{00DBC094-CE35-4215-83E5-B7AACF78C83D}.Debug|Any CPU.Build.0 = Debug|Any CPU
		{00DBC094-CE35-4215-83E5-B7AACF78C83D}.Release|Any CPU.ActiveCfg = Release|Any CPU
		{00DBC094-CE35-4215-83E5-B7AACF78C83D}.Release|Any CPU.Build.0 = Release|Any CPU
		{10A59828-CABE-4CDA-8E18-C84E769B819F}.Debug|Any CPU.ActiveCfg = Debug|Any CPU
		{10A59828-CABE-4CDA-8E18-C84E769B819F}.Debug|Any CPU.Build.0 = Debug|Any CPU
		{10A59828-CABE-4CDA-8E18-C84E769B819F}.Release|Any CPU.ActiveCfg = Release|Any CPU
		{10A59828-CABE-4CDA-8E18-C84E769B819F}.Release|Any CPU.Build.0 = Release|Any CPU
		{F97EB05F-9220-43FD-A4E8-5E054A0CA7FA}.Debug|Any CPU.ActiveCfg = Debug|Any CPU
		{F97EB05F-9220-43FD-A4E8-5E054A0CA7FA}.Debug|Any CPU.Build.0 = Debug|Any CPU
		{F97EB05F-9220-43FD-A4E8-5E054A0CA7FA}.Release|Any CPU.ActiveCfg = Release|Any CPU
		{F97EB05F-9220-43FD-A4E8-5E054A0CA7FA}.Release|Any CPU.Build.0 = Release|Any CPU
		{4A85FC3B-3573-4ED5-8491-E2D6EB5A2D77}.Debug|Any CPU.ActiveCfg = Debug|Any CPU
		{4A85FC3B-3573-4ED5-8491-E2D6EB5A2D77}.Debug|Any CPU.Build.0 = Debug|Any CPU
		{4A85FC3B-3573-4ED5-8491-E2D6EB5A2D77}.Release|Any CPU.ActiveCfg = Release|Any CPU
		{4A85FC3B-3573-4ED5-8491-E2D6EB5A2D77}.Release|Any CPU.Build.0 = Release|Any CPU
	EndGlobalSection
	GlobalSection(SolutionProperties) = preSolution
		HideSolutionNode = FALSE
	EndGlobalSection
	GlobalSection(ExtensibilityGlobals) = postSolution
		SolutionGuid = {5150E466-9850-4856-B502-0F1790844666}
	EndGlobalSection
EndGlobal
